
Microsoft Visual Studio Solution File, Format Version 12.00
# Visual Studio Version 17
VisualStudioVersion = 17.3.32922.545
MinimumVisualStudioVersion = 10.0.40219.1
Project("{FAE04EC0-301F-11D3-BF4B-00C04F79EFBC}") = "Lesson_Task1", "Lesson_Task1\Lesson_Task1.csproj", "{5700748F-2864-44AD-A596-9D6A078782E5}"
EndProject
Project("{FAE04EC0-301F-11D3-BF4B-00C04F79EFBC}") = "Ex_Task1", "Ex_Task1\Ex_Task1.csproj", "{38A601DA-ED72-4450-B317-F70CDD42559A}"
EndProject
Project("{FAE04EC0-301F-11D3-BF4B-00C04F79EFBC}") = "Ex_Task2", "Ex_Task2\Ex_Task2.csproj", "{F62FD77C-687C-4068-B07F-6DB08FDC1724}"
EndProject
Project("{FAE04EC0-301F-11D3-BF4B-00C04F79EFBC}") = "HW_Task1", "HW_Task1\HW_Task1.csproj", "{52750B69-8FEC-4B43-B218-5787E6C0A138}"
EndProject
Project("{FAE04EC0-301F-11D3-BF4B-00C04F79EFBC}") = "HW_Task2", "HW_Task2\HW_Task2.csproj", "{05CB65ED-E831-4A95-BFA0-10FF512C2484}"
EndProject
Global
	GlobalSection(SolutionConfigurationPlatforms) = preSolution
		Debug|Any CPU = Debug|Any CPU
		Release|Any CPU = Release|Any CPU
	EndGlobalSection
	GlobalSection(ProjectConfigurationPlatforms) = postSolution
		{5700748F-2864-44AD-A596-9D6A078782E5}.Debug|Any CPU.ActiveCfg = Debug|Any CPU
		{5700748F-2864-44AD-A596-9D6A078782E5}.Debug|Any CPU.Build.0 = Debug|Any CPU
		{5700748F-2864-44AD-A596-9D6A078782E5}.Release|Any CPU.ActiveCfg = Release|Any CPU
		{5700748F-2864-44AD-A596-9D6A078782E5}.Release|Any CPU.Build.0 = Release|Any CPU
		{38A601DA-ED72-4450-B317-F70CDD42559A}.Debug|Any CPU.ActiveCfg = Debug|Any CPU
		{38A601DA-ED72-4450-B317-F70CDD42559A}.Debug|Any CPU.Build.0 = Debug|Any CPU
		{38A601DA-ED72-4450-B317-F70CDD42559A}.Release|Any CPU.ActiveCfg = Release|Any CPU
		{38A601DA-ED72-4450-B317-F70CDD42559A}.Release|Any CPU.Build.0 = Release|Any CPU
		{F62FD77C-687C-4068-B07F-6DB08FDC1724}.Debug|Any CPU.ActiveCfg = Debug|Any CPU
		{F62FD77C-687C-4068-B07F-6DB08FDC1724}.Debug|Any CPU.Build.0 = Debug|Any CPU
		{F62FD77C-687C-4068-B07F-6DB08FDC1724}.Release|Any CPU.ActiveCfg = Release|Any CPU
		{F62FD77C-687C-4068-B07F-6DB08FDC1724}.Release|Any CPU.Build.0 = Release|Any CPU
		{52750B69-8FEC-4B43-B218-5787E6C0A138}.Debug|Any CPU.ActiveCfg = Debug|Any CPU
		{52750B69-8FEC-4B43-B218-5787E6C0A138}.Debug|Any CPU.Build.0 = Debug|Any CPU
		{52750B69-8FEC-4B43-B218-5787E6C0A138}.Release|Any CPU.ActiveCfg = Release|Any CPU
		{52750B69-8FEC-4B43-B218-5787E6C0A138}.Release|Any CPU.Build.0 = Release|Any CPU
		{05CB65ED-E831-4A95-BFA0-10FF512C2484}.Debug|Any CPU.ActiveCfg = Debug|Any CPU
		{05CB65ED-E831-4A95-BFA0-10FF512C2484}.Debug|Any CPU.Build.0 = Debug|Any CPU
		{05CB65ED-E831-4A95-BFA0-10FF512C2484}.Release|Any CPU.ActiveCfg = Release|Any CPU
		{05CB65ED-E831-4A95-BFA0-10FF512C2484}.Release|Any CPU.Build.0 = Release|Any CPU
	EndGlobalSection
	GlobalSection(SolutionProperties) = preSolution
		HideSolutionNode = FALSE
	EndGlobalSection
	GlobalSection(ExtensibilityGlobals) = postSolution
		SolutionGuid = {A73E0E11-5D38-440D-9903-B65E40A1AAE3}
	EndGlobalSection
EndGlobal
